
Microsoft Visual Studio Solution File, Format Version 12.00
# Visual Studio Version 17
VisualStudioVersion = 17.4.33205.214
MinimumVisualStudioVersion = 10.0.40219.1
Project("{FAE04EC0-301F-11D3-BF4B-00C04F79EFBC}") = "Lista_Telefonica_APS2", "Lista_Telefonica_APS2\Lista_Telefonica_APS2.csproj", "{57E6466F-C62C-41B4-AF31-AD6E376EBB50}"
EndProject
Global
	GlobalSection(SolutionConfigurationPlatforms) = preSolution
		Debug|Any CPU = Debug|Any CPU
		Release|Any CPU = Release|Any CPU
	EndGlobalSection
	GlobalSection(ProjectConfigurationPlatforms) = postSolution
		{57E6466F-C62C-41B4-AF31-AD6E376EBB50}.Debug|Any CPU.ActiveCfg = Debug|Any CPU
		{57E6466F-C62C-41B4-AF31-AD6E376EBB50}.Debug|Any CPU.Build.0 = Debug|Any CPU
		{57E6466F-C62C-41B4-AF31-AD6E376EBB50}.Release|Any CPU.ActiveCfg = Release|Any CPU
		{57E6466F-C62C-41B4-AF31-AD6E376EBB50}.Release|Any CPU.Build.0 = Release|Any CPU
	EndGlobalSection
	GlobalSection(SolutionProperties) = preSolution
		HideSolutionNode = FALSE
	EndGlobalSection
	GlobalSection(ExtensibilityGlobals) = postSolution
		SolutionGuid = {4CFED855-CFF6-4C3D-BFBB-AF22D8CC86B7}
	EndGlobalSection
EndGlobal
